
Microsoft Visual Studio Solution File, Format Version 12.00
# Visual Studio Version 17
VisualStudioVersion = 17.4.33205.214
MinimumVisualStudioVersion = 10.0.40219.1
Project("{FAE04EC0-301F-11D3-BF4B-00C04F79EFBC}") = "TypingUziGame", "TypingUziGame\TypingUziGame.csproj", "{3F9CC67A-CA0E-459F-838F-B63DC0A105A6}"
EndProject
Global
	GlobalSection(SolutionConfigurationPlatforms) = preSolution
		Debug|Any CPU = Debug|Any CPU
		Release|Any CPU = Release|Any CPU
	EndGlobalSection
	GlobalSection(ProjectConfigurationPlatforms) = postSolution
		{3F9CC67A-CA0E-459F-838F-B63DC0A105A6}.Debug|Any CPU.ActiveCfg = Debug|Any CPU
		{3F9CC67A-CA0E-459F-838F-B63DC0A105A6}.Debug|Any CPU.Build.0 = Debug|Any CPU
		{3F9CC67A-CA0E-459F-838F-B63DC0A105A6}.Release|Any CPU.ActiveCfg = Release|Any CPU
		{3F9CC67A-CA0E-459F-838F-B63DC0A105A6}.Release|Any CPU.Build.0 = Release|Any CPU
	EndGlobalSection
	GlobalSection(SolutionProperties) = preSolution
		HideSolutionNode = FALSE
	EndGlobalSection
	GlobalSection(ExtensibilityGlobals) = postSolution
		SolutionGuid = {FE127FB9-43E4-41CF-AB9D-244183067F93}
	EndGlobalSection
EndGlobal
